// !$*UTF8*$!
{
	archiveVersion = 1;
	classes = {
	};
	objectVersion = 55;
	objects = {

/* Begin PBXBuildFile section */
		EAA5205328D2CBBD002F7B8C /* landmarkData.json in Resources */ = {isa = PBXBuildFile; fileRef = EAA5205228D2CBBD002F7B8C /* landmarkData.json */; };
		EAA5205528D2CBEE002F7B8C /* Landmark.swift in Sources */ = {isa = PBXBuildFile; fileRef = EAA5205428D2CBEE002F7B8C /* Landmark.swift */; };
		EAA5205728D2D020002F7B8C /* ModelData.swift in Sources */ = {isa = PBXBuildFile; fileRef = EAA5205628D2D020002F7B8C /* ModelData.swift */; };
		EAA5205D28D2D3AB002F7B8C /* LandmarkRow.swift in Sources */ = {isa = PBXBuildFile; fileRef = EAA5205C28D2D3AB002F7B8C /* LandmarkRow.swift */; };
		EAA5205F28D2D642002F7B8C /* LandmarkList.swift in Sources */ = {isa = PBXBuildFile; fileRef = EAA5205E28D2D642002F7B8C /* LandmarkList.swift */; };
		EAA5206328D2DCF2002F7B8C /* LandmarkDetail.swift in Sources */ = {isa = PBXBuildFile; fileRef = EAA5206228D2DCF2002F7B8C /* LandmarkDetail.swift */; };
		EAAD962E28D31C3B003D41D9 /* FavoriteButton.swift in Sources */ = {isa = PBXBuildFile; fileRef = EAAD962D28D31C3B003D41D9 /* FavoriteButton.swift */; };
		EABFF44228D2BA3800401B50 /* LandmarksApp.swift in Sources */ = {isa = PBXBuildFile; fileRef = EABFF44128D2BA3800401B50 /* LandmarksApp.swift */; };
		EABFF44428D2BA3800401B50 /* ContentView.swift in Sources */ = {isa = PBXBuildFile; fileRef = EABFF44328D2BA3800401B50 /* ContentView.swift */; };
		EABFF44628D2BA3B00401B50 /* Assets.xcassets in Resources */ = {isa = PBXBuildFile; fileRef = EABFF44528D2BA3B00401B50 /* Assets.xcassets */; };
		EABFF44928D2BA3B00401B50 /* Preview Assets.xcassets in Resources */ = {isa = PBXBuildFile; fileRef = EABFF44828D2BA3B00401B50 /* Preview Assets.xcassets */; };
		EABFF45028D2BF4700401B50 /* CircleImage.swift in Sources */ = {isa = PBXBuildFile; fileRef = EABFF44F28D2BF4600401B50 /* CircleImage.swift */; };
		EABFF45228D2C0C500401B50 /* MapView.swift in Sources */ = {isa = PBXBuildFile; fileRef = EABFF45128D2C0C500401B50 /* MapView.swift */; };
/* End PBXBuildFile section */

/* Begin PBXFileReference section */
		EAA5205228D2CBBD002F7B8C /* landmarkData.json */ = {isa = PBXFileReference; fileEncoding = 4; lastKnownFileType = text.json; path = landmarkData.json; sourceTree = "<group>"; };
		EAA5205428D2CBEE002F7B8C /* Landmark.swift */ = {isa = PBXFileReference; lastKnownFileType = sourcecode.swift; path = Landmark.swift; sourceTree = "<group>"; };
		EAA5205628D2D020002F7B8C /* ModelData.swift */ = {isa = PBXFileReference; lastKnownFileType = sourcecode.swift; path = ModelData.swift; sourceTree = "<group>"; };
		EAA5205C28D2D3AB002F7B8C /* LandmarkRow.swift */ = {isa = PBXFileReference; lastKnownFileType = sourcecode.swift; path = LandmarkRow.swift; sourceTree = "<group>"; };
		EAA5205E28D2D642002F7B8C /* LandmarkList.swift */ = {isa = PBXFileReference; lastKnownFileType = sourcecode.swift; path = LandmarkList.swift; sourceTree = "<group>"; };
		EAA5206228D2DCF2002F7B8C /* LandmarkDetail.swift */ = {isa = PBXFileReference; lastKnownFileType = sourcecode.swift; path = LandmarkDetail.swift; sourceTree = "<group>"; };
		EAAD962D28D31C3B003D41D9 /* FavoriteButton.swift */ = {isa = PBXFileReference; lastKnownFileType = sourcecode.swift; path = FavoriteButton.swift; sourceTree = "<group>"; };
		EABFF43E28D2BA3800401B50 /* Landmarks.app */ = {isa = PBXFileReference; explicitFileType = wrapper.application; includeInIndex = 0; path = Landmarks.app; sourceTree = BUILT_PRODUCTS_DIR; };
		EABFF44128D2BA3800401B50 /* LandmarksApp.swift */ = {isa = PBXFileReference; lastKnownFileType = sourcecode.swift; path = LandmarksApp.swift; sourceTree = "<group>"; };
		EABFF44328D2BA3800401B50 /* ContentView.swift */ = {isa = PBXFileReference; lastKnownFileType = sourcecode.swift; path = ContentView.swift; sourceTree = "<group>"; };
		EABFF44528D2BA3B00401B50 /* Assets.xcassets */ = {isa = PBXFileReference; lastKnownFileType = folder.assetcatalog; path = Assets.xcassets; sourceTree = "<group>"; };
		EABFF44828D2BA3B00401B50 /* Preview Assets.xcassets */ = {isa = PBXFileReference; lastKnownFileType = folder.assetcatalog; path = "Preview Assets.xcassets"; sourceTree = "<group>"; };
		EABFF44F28D2BF4600401B50 /* CircleImage.swift */ = {isa = PBXFileReference; lastKnownFileType = sourcecode.swift; path = CircleImage.swift; sourceTree = "<group>"; };
		EABFF45128D2C0C500401B50 /* MapView.swift */ = {isa = PBXFileReference; lastKnownFileType = sourcecode.swift; path = MapView.swift; sourceTree = "<group>"; };
/* End PBXFileReference section */

/* Begin PBXFrameworksBuildPhase section */
		EABFF43B28D2BA3800401B50 /* Frameworks */ = {
			isa = PBXFrameworksBuildPhase;
			buildActionMask = 2147483647;
			files = (
			);
			runOnlyForDeploymentPostprocessing = 0;
		};
/* End PBXFrameworksBuildPhase section */

/* Begin PBXGroup section */
		EAA5205928D2D2A3002F7B8C /* Views */ = {
			isa = PBXGroup;
			children = (
				EAAD963028D31D08003D41D9 /* Helpers */,
				EAAD962F28D31CFB003D41D9 /* Landmarks */,
				EABFF44328D2BA3800401B50 /* ContentView.swift */,
			);
			path = Views;
			sourceTree = "<group>";
		};
		EAA5205A28D2D2D4002F7B8C /* Models */ = {
			isa = PBXGroup;
			children = (
				EAA5205428D2CBEE002F7B8C /* Landmark.swift */,
				EAA5205628D2D020002F7B8C /* ModelData.swift */,
			);
			path = Models;
			sourceTree = "<group>";
		};
		EAA5205B28D2D2FB002F7B8C /* Resources */ = {
			isa = PBXGroup;
			children = (
				EAA5205228D2CBBD002F7B8C /* landmarkData.json */,
			);
			path = Resources;
			sourceTree = "<group>";
		};
		EAAD962F28D31CFB003D41D9 /* Landmarks */ = {
			isa = PBXGroup;
			children = (
				EAA5205E28D2D642002F7B8C /* LandmarkList.swift */,
				EAA5206228D2DCF2002F7B8C /* LandmarkDetail.swift */,
				EAA5205C28D2D3AB002F7B8C /* LandmarkRow.swift */,
			);
			path = Landmarks;
			sourceTree = "<group>";
		};
		EAAD963028D31D08003D41D9 /* Helpers */ = {
			isa = PBXGroup;
			children = (
				EABFF44F28D2BF4600401B50 /* CircleImage.swift */,
				EABFF45128D2C0C500401B50 /* MapView.swift */,
				EAAD962D28D31C3B003D41D9 /* FavoriteButton.swift */,
			);
			path = Helpers;
			sourceTree = "<group>";
		};
		EABFF43528D2BA3800401B50 = {
			isa = PBXGroup;
			children = (
				EABFF44028D2BA3800401B50 /* Landmarks */,
				EABFF43F28D2BA3800401B50 /* Products */,
			);
			sourceTree = "<group>";
		};
		EABFF43F28D2BA3800401B50 /* Products */ = {
			isa = PBXGroup;
			children = (
				EABFF43E28D2BA3800401B50 /* Landmarks.app */,
			);
			name = Products;
			sourceTree = "<group>";
		};
		EABFF44028D2BA3800401B50 /* Landmarks */ = {
			isa = PBXGroup;
			children = (
				EAA5205B28D2D2FB002F7B8C /* Resources */,
				EAA5205A28D2D2D4002F7B8C /* Models */,
				EAA5205928D2D2A3002F7B8C /* Views */,
				EABFF44128D2BA3800401B50 /* LandmarksApp.swift */,
				EABFF44528D2BA3B00401B50 /* Assets.xcassets */,
				EABFF44728D2BA3B00401B50 /* Preview Content */,
			);
			path = Landmarks;
			sourceTree = "<group>";
		};
		EABFF44728D2BA3B00401B50 /* Preview Content */ = {
			isa = PBXGroup;
			children = (
				EABFF44828D2BA3B00401B50 /* Preview Assets.xcassets */,
			);
			path = "Preview Content";
			sourceTree = "<group>";
		};
/* End PBXGroup section */

/* Begin PBXNativeTarget section */
		EABFF43D28D2BA3800401B50 /* Landmarks */ = {
			isa = PBXNativeTarget;
			buildConfigurationList = EABFF44C28D2BA3B00401B50 /* Build configuration list for PBXNativeTarget "Landmarks" */;
			buildPhases = (
				EABFF43A28D2BA3800401B50 /* Sources */,
				EABFF43B28D2BA3800401B50 /* Frameworks */,
				EABFF43C28D2BA3800401B50 /* Resources */,
			);
			buildRules = (
			);
			dependencies = (
			);
			name = Landmarks;
			productName = Landmarks;
			productReference = EABFF43E28D2BA3800401B50 /* Landmarks.app */;
			productType = "com.apple.product-type.application";
		};
/* End PBXNativeTarget section */

/* Begin PBXProject section */
		EABFF43628D2BA3800401B50 /* Project object */ = {
			isa = PBXProject;
			attributes = {
				BuildIndependentTargetsInParallel = 1;
				LastSwiftUpdateCheck = 1340;
				LastUpgradeCheck = 1340;
				TargetAttributes = {
					EABFF43D28D2BA3800401B50 = {
						CreatedOnToolsVersion = 13.4.1;
					};
				};
			};
			buildConfigurationList = EABFF43928D2BA3800401B50 /* Build configuration list for PBXProject "Landmarks" */;
			compatibilityVersion = "Xcode 13.0";
			developmentRegion = en;
			hasScannedForEncodings = 0;
			knownRegions = (
				en,
				Base,
			);
			mainGroup = EABFF43528D2BA3800401B50;
			productRefGroup = EABFF43F28D2BA3800401B50 /* Products */;
			projectDirPath = "";
			projectRoot = "";
			targets = (
				EABFF43D28D2BA3800401B50 /* Landmarks */,
			);
		};
/* End PBXProject section */

/* Begin PBXResourcesBuildPhase section */
		EABFF43C28D2BA3800401B50 /* Resources */ = {
			isa = PBXResourcesBuildPhase;
			buildActionMask = 2147483647;
			files = (
				EABFF44928D2BA3B00401B50 /* Preview Assets.xcassets in Resources */,
				EABFF44628D2BA3B00401B50 /* Assets.xcassets in Resources */,
				EAA5205328D2CBBD002F7B8C /* landmarkData.json in Resources */,
			);
			runOnlyForDeploymentPostprocessing = 0;
		};
/* End PBXResourcesBuildPhase section */

/* Begin PBXSourcesBuildPhase section */
		EABFF43A28D2BA3800401B50 /* Sources */ = {
			isa = PBXSourcesBuildPhase;
			buildActionMask = 2147483647;
			files = (
				EABFF44428D2BA3800401B50 /* ContentView.swift in Sources */,
				EABFF45228D2C0C500401B50 /* MapView.swift in Sources */,
				EABFF44228D2BA3800401B50 /* LandmarksApp.swift in Sources */,
				EAAD962E28D31C3B003D41D9 /* FavoriteButton.swift in Sources */,
				EAA5205F28D2D642002F7B8C /* LandmarkList.swift in Sources */,
				EABFF45028D2BF4700401B50 /* CircleImage.swift in Sources */,
				EAA5205528D2CBEE002F7B8C /* Landmark.swift in Sources */,
				EAA5205D28D2D3AB002F7B8C /* LandmarkRow.swift in Sources */,
				EAA5206328D2DCF2002F7B8C /* LandmarkDetail.swift in Sources */,
				EAA5205728D2D020002F7B8C /* ModelData.swift in Sources */,
			);
			runOnlyForDeploymentPostprocessing = 0;
		};
/* End PBXSourcesBuildPhase section */

/* Begin XCBuildConfiguration section */
		EABFF44A28D2BA3B00401B50 /* Debug */ = {
			isa = XCBuildConfiguration;
			buildSettings = {
				ALWAYS_SEARCH_USER_PATHS = NO;
				CLANG_ANALYZER_NONNULL = YES;
				CLANG_ANALYZER_NUMBER_OBJECT_CONVERSION = YES_AGGRESSIVE;
				CLANG_CXX_LANGUAGE_STANDARD = "gnu++17";
				CLANG_ENABLE_MODULES = YES;
				CLANG_ENABLE_OBJC_ARC = YES;
				CLANG_ENABLE_OBJC_WEAK = YES;
				CLANG_WARN_BLOCK_CAPTURE_AUTORELEASING = YES;
				CLANG_WARN_BOOL_CONVERSION = YES;
				CLANG_WARN_COMMA = YES;
				CLANG_WARN_CONSTANT_CONVERSION = YES;
				CLANG_WARN_DEPRECATED_OBJC_IMPLEMENTATIONS = YES;
				CLANG_WARN_DIRECT_OBJC_ISA_USAGE = YES_ERROR;
				CLANG_WARN_DOCUMENTATION_COMMENTS = YES;
				CLANG_WARN_EMPTY_BODY = YES;
				CLANG_WARN_ENUM_CONVERSION = YES;
				CLANG_WARN_INFINITE_RECURSION = YES;
				CLANG_WARN_INT_CONVERSION = YES;
				CLANG_WARN_NON_LITERAL_NULL_CONVERSION = YES;
				CLANG_WARN_OBJC_IMPLICIT_RETAIN_SELF = YES;
				CLANG_WARN_OBJC_LITERAL_CONVERSION = YES;
				CLANG_WARN_OBJC_ROOT_CLASS = YES_ERROR;
				CLANG_WARN_QUOTED_INCLUDE_IN_FRAMEWORK_HEADER = YES;
				CLANG_WARN_RANGE_LOOP_ANALYSIS = YES;
				CLANG_WARN_STRICT_PROTOTYPES = YES;
				CLANG_WARN_SUSPICIOUS_MOVE = YES;
				CLANG_WARN_UNGUARDED_AVAILABILITY = YES_AGGRESSIVE;
				CLANG_WARN_UNREACHABLE_CODE = YES;
				CLANG_WARN__DUPLICATE_METHOD_MATCH = YES;
				COPY_PHASE_STRIP = NO;
				DEBUG_INFORMATION_FORMAT = dwarf;
				ENABLE_STRICT_OBJC_MSGSEND = YES;
				ENABLE_TESTABILITY = YES;
				GCC_C_LANGUAGE_STANDARD = gnu11;
				GCC_DYNAMIC_NO_PIC = NO;
				GCC_NO_COMMON_BLOCKS = YES;
				GCC_OPTIMIZATION_LEVEL = 0;
				GCC_PREPROCESSOR_DEFINITIONS = (
					"DEBUG=1",
					"$(inherited)",
				);
				GCC_WARN_64_TO_32_BIT_CONVERSION = YES;
				GCC_WARN_ABOUT_RETURN_TYPE = YES_ERROR;
				GCC_WARN_UNDECLARED_SELECTOR = YES;
				GCC_WARN_UNINITIALIZED_AUTOS = YES_AGGRESSIVE;
				GCC_WARN_UNUSED_FUNCTION = YES;
				GCC_WARN_UNUSED_VARIABLE = YES;
				IPHONEOS_DEPLOYMENT_TARGET = 15.5;
				MTL_ENABLE_DEBUG_INFO = INCLUDE_SOURCE;
				MTL_FAST_MATH = YES;
				ONLY_ACTIVE_ARCH = YES;
				SDKROOT = iphoneos;
				SWIFT_ACTIVE_COMPILATION_CONDITIONS = DEBUG;
				SWIFT_OPTIMIZATION_LEVEL = "-Onone";
			};
			name = Debug;
		};
		EABFF44B28D2BA3B00401B50 /* Release */ = {
			isa = XCBuildConfiguration;
			buildSettings = {
				ALWAYS_SEARCH_USER_PATHS = NO;
				CLANG_ANALYZER_NONNULL = YES;
				CLANG_ANALYZER_NUMBER_OBJECT_CONVERSION = YES_AGGRESSIVE;
				CLANG_CXX_LANGUAGE_STANDARD = "gnu++17";
				CLANG_ENABLE_MODULES = YES;
				CLANG_ENABLE_OBJC_ARC = YES;
				CLANG_ENABLE_OBJC_WEAK = YES;
				CLANG_WARN_BLOCK_CAPTURE_AUTORELEASING = YES;
				CLANG_WARN_BOOL_CONVERSION = YES;
				CLANG_WARN_COMMA = YES;
				CLANG_WARN_CONSTANT_CONVERSION = YES;
				CLANG_WARN_DEPRECATED_OBJC_IMPLEMENTATIONS = YES;
				CLANG_WARN_DIRECT_OBJC_ISA_USAGE = YES_ERROR;
				CLANG_WARN_DOCUMENTATION_COMMENTS = YES;
				CLANG_WARN_EMPTY_BODY = YES;
				CLANG_WARN_ENUM_CONVERSION = YES;
				CLANG_WARN_INFINITE_RECURSION = YES;
				CLANG_WARN_INT_CONVERSION = YES;
				CLANG_WARN_NON_LITERAL_NULL_CONVERSION = YES;
				CLANG_WARN_OBJC_IMPLICIT_RETAIN_SELF = YES;
				CLANG_WARN_OBJC_LITERAL_CONVERSION = YES;
				CLANG_WARN_OBJC_ROOT_CLASS = YES_ERROR;
				CLANG_WARN_QUOTED_INCLUDE_IN_FRAMEWORK_HEADER = YES;
				CLANG_WARN_RANGE_LOOP_ANALYSIS = YES;
				CLANG_WARN_STRICT_PROTOTYPES = YES;
				CLANG_WARN_SUSPICIOUS_MOVE = YES;
				CLANG_WARN_UNGUARDED_AVAILABILITY = YES_AGGRESSIVE;
				CLANG_WARN_UNREACHABLE_CODE = YES;
				CLANG_WARN__DUPLICATE_METHOD_MATCH = YES;
				COPY_PHASE_STRIP = NO;
				DEBUG_INFORMATION_FORMAT = "dwarf-with-dsym";
				ENABLE_NS_ASSERTIONS = NO;
				ENABLE_STRICT_OBJC_MSGSEND = YES;
				GCC_C_LANGUAGE_STANDARD = gnu11;
				GCC_NO_COMMON_BLOCKS = YES;
				GCC_WARN_64_TO_32_BIT_CONVERSION = YES;
				GCC_WARN_ABOUT_RETURN_TYPE = YES_ERROR;
				GCC_WARN_UNDECLARED_SELECTOR = YES;
				GCC_WARN_UNINITIALIZED_AUTOS = YES_AGGRESSIVE;
				GCC_WARN_UNUSED_FUNCTION = YES;
				GCC_WARN_UNUSED_VARIABLE = YES;
				IPHONEOS_DEPLOYMENT_TARGET = 15.5;
				MTL_ENABLE_DEBUG_INFO = NO;
				MTL_FAST_MATH = YES;
				SDKROOT = iphoneos;
				SWIFT_COMPILATION_MODE = wholemodule;
				SWIFT_OPTIMIZATION_LEVEL = "-O";
				VALIDATE_PRODUCT = YES;
			};
			name = Release;
		};
		EABFF44D28D2BA3B00401B50 /* Debug */ = {
			isa = XCBuildConfiguration;
			buildSettings = {
				ASSETCATALOG_COMPILER_APPICON_NAME = AppIcon;
				ASSETCATALOG_COMPILER_GLOBAL_ACCENT_COLOR_NAME = AccentColor;
				CODE_SIGN_STYLE = Automatic;
				CURRENT_PROJECT_VERSION = 1;
				DEVELOPMENT_ASSET_PATHS = "\"Landmarks/Preview Content\"";
				ENABLE_PREVIEWS = YES;
				GENERATE_INFOPLIST_FILE = YES;
				INFOPLIST_KEY_UIApplicationSceneManifest_Generation = YES;
				INFOPLIST_KEY_UIApplicationSupportsIndirectInputEvents = YES;
				INFOPLIST_KEY_UILaunchScreen_Generation = YES;
				INFOPLIST_KEY_UISupportedInterfaceOrientations_iPad = "UIInterfaceOrientationPortrait UIInterfaceOrientationPortraitUpsideDown UIInterfaceOrientationLandscapeLeft UIInterfaceOrientationLandscapeRight";
				INFOPLIST_KEY_UISupportedInterfaceOrientations_iPhone = "UIInterfaceOrientationPortrait UIInterfaceOrientationLandscapeLeft UIInterfaceOrientationLandscapeRight";
				LD_RUNPATH_SEARCH_PATHS = (
					"$(inherited)",
					"@executable_path/Frameworks",
				);
				MARKETING_VERSION = 1.0;
				PRODUCT_BUNDLE_IDENTIFIER = io.hung.Landmarks;
				PRODUCT_NAME = "$(TARGET_NAME)";
				SWIFT_EMIT_LOC_STRINGS = YES;
				SWIFT_VERSION = 5.0;
				TARGETED_DEVICE_FAMILY = "1,2";
			};
			name = Debug;
		};
		EABFF44E28D2BA3B00401B50 /* Release */ = {
			isa = XCBuildConfiguration;
			buildSettings = {
				ASSETCATALOG_COMPILER_APPICON_NAME = AppIcon;
				ASSETCATALOG_COMPILER_GLOBAL_ACCENT_COLOR_NAME = AccentColor;
				CODE_SIGN_STYLE = Automatic;
				CURRENT_PROJECT_VERSION = 1;
				DEVELOPMENT_ASSET_PATHS = "\"Landmarks/Preview Content\"";
				ENABLE_PREVIEWS = YES;
				GENERATE_INFOPLIST_FILE = YES;
				INFOPLIST_KEY_UIApplicationSceneManifest_Generation = YES;
				INFOPLIST_KEY_UIApplicationSupportsIndirectInputEvents = YES;
				INFOPLIST_KEY_UILaunchScreen_Generation = YES;
				INFOPLIST_KEY_UISupportedInterfaceOrientations_iPad = "UIInterfaceOrientationPortrait UIInterfaceOrientationPortraitUpsideDown UIInterfaceOrientationLandscapeLeft UIInterfaceOrientationLandscapeRight";
				INFOPLIST_KEY_UISupportedInterfaceOrientations_iPhone = "UIInterfaceOrientationPortrait UIInterfaceOrientationLandscapeLeft UIInterfaceOrientationLandscapeRight";
				LD_RUNPATH_SEARCH_PATHS = (
					"$(inherited)",
					"@executable_path/Frameworks",
				);
				MARKETING_VERSION = 1.0;
				PRODUCT_BUNDLE_IDENTIFIER = io.hung.Landmarks;
				PRODUCT_NAME = "$(TARGET_NAME)";
				SWIFT_EMIT_LOC_STRINGS = YES;
				SWIFT_VERSION = 5.0;
				TARGETED_DEVICE_FAMILY = "1,2";
			};
			name = Release;
		};
/* End XCBuildConfiguration section */

/* Begin XCConfigurationList section */
		EABFF43928D2BA3800401B50 /* Build configuration list for PBXProject "Landmarks" */ = {
			isa = XCConfigurationList;
			buildConfigurations = (
				EABFF44A28D2BA3B00401B50 /* Debug */,
				EABFF44B28D2BA3B00401B50 /* Release */,
			);
			defaultConfigurationIsVisible = 0;
			defaultConfigurationName = Release;
		};
		EABFF44C28D2BA3B00401B50 /* Build configuration list for PBXNativeTarget "Landmarks" */ = {
			isa = XCConfigurationList;
			buildConfigurations = (
				EABFF44D28D2BA3B00401B50 /* Debug */,
				EABFF44E28D2BA3B00401B50 /* Release */,
			);
			defaultConfigurationIsVisible = 0;
			defaultConfigurationName = Release;
		};
/* End XCConfigurationList section */
	};
	rootObject = EABFF43628D2BA3800401B50 /* Project object */;
}
