// !$*UTF8*$!
{
	archiveVersion = 1;
	classes = {
	};
	objectVersion = 55;
	objects = {

/* Begin PBXBuildFile section */
		EA892E3028C82C3A00D565AC /* ContentView2.swift in Sources */ = {isa = PBXBuildFile; fileRef = EA892E2F28C82C3A00D565AC /* ContentView2.swift */; };
		EA892E3228C8549700D565AC /* EditView2.swift in Sources */ = {isa = PBXBuildFile; fileRef = EA892E3128C8549700D565AC /* EditView2.swift */; };
		EA95A7C528C58A0900E8BC97 /* ContentView.swift in Sources */ = {isa = PBXBuildFile; fileRef = EA95A7C428C58A0900E8BC97 /* ContentView.swift */; };
		EA95A7C828C58E0C00E8BC97 /* Note.swift in Sources */ = {isa = PBXBuildFile; fileRef = EA95A7C728C58E0C00E8BC97 /* Note.swift */; };
		EA95A7CA28C596F300E8BC97 /* EditView.swift in Sources */ = {isa = PBXBuildFile; fileRef = EA95A7C928C596F300E8BC97 /* EditView.swift */; };
		EADF103F28BF02DD001FD3D5 /* TodoListApp.swift in Sources */ = {isa = PBXBuildFile; fileRef = EADF103E28BF02DD001FD3D5 /* TodoListApp.swift */; };
		EADF104328BF02DE001FD3D5 /* Assets.xcassets in Resources */ = {isa = PBXBuildFile; fileRef = EADF104228BF02DE001FD3D5 /* Assets.xcassets */; };
		EADF104628BF02DE001FD3D5 /* Preview Assets.xcassets in Resources */ = {isa = PBXBuildFile; fileRef = EADF104528BF02DE001FD3D5 /* Preview Assets.xcassets */; };
		EADF104E28BF1693001FD3D5 /* MainView.swift in Sources */ = {isa = PBXBuildFile; fileRef = EADF104D28BF1693001FD3D5 /* MainView.swift */; };
/* End PBXBuildFile section */

/* Begin PBXFileReference section */
		EA892E2F28C82C3A00D565AC /* ContentView2.swift */ = {isa = PBXFileReference; lastKnownFileType = sourcecode.swift; path = ContentView2.swift; sourceTree = "<group>"; };
		EA892E3128C8549700D565AC /* EditView2.swift */ = {isa = PBXFileReference; lastKnownFileType = sourcecode.swift; path = EditView2.swift; sourceTree = "<group>"; };
		EA95A7C428C58A0900E8BC97 /* ContentView.swift */ = {isa = PBXFileReference; lastKnownFileType = sourcecode.swift; path = ContentView.swift; sourceTree = "<group>"; };
		EA95A7C728C58E0C00E8BC97 /* Note.swift */ = {isa = PBXFileReference; lastKnownFileType = sourcecode.swift; path = Note.swift; sourceTree = "<group>"; };
		EA95A7C928C596F300E8BC97 /* EditView.swift */ = {isa = PBXFileReference; lastKnownFileType = sourcecode.swift; path = EditView.swift; sourceTree = "<group>"; };
		EADF103B28BF02DD001FD3D5 /* TodoList.app */ = {isa = PBXFileReference; explicitFileType = wrapper.application; includeInIndex = 0; path = TodoList.app; sourceTree = BUILT_PRODUCTS_DIR; };
		EADF103E28BF02DD001FD3D5 /* TodoListApp.swift */ = {isa = PBXFileReference; lastKnownFileType = sourcecode.swift; path = TodoListApp.swift; sourceTree = "<group>"; };
		EADF104228BF02DE001FD3D5 /* Assets.xcassets */ = {isa = PBXFileReference; lastKnownFileType = folder.assetcatalog; path = Assets.xcassets; sourceTree = "<group>"; };
		EADF104528BF02DE001FD3D5 /* Preview Assets.xcassets */ = {isa = PBXFileReference; lastKnownFileType = folder.assetcatalog; path = "Preview Assets.xcassets"; sourceTree = "<group>"; };
		EADF104D28BF1693001FD3D5 /* MainView.swift */ = {isa = PBXFileReference; lastKnownFileType = sourcecode.swift; path = MainView.swift; sourceTree = "<group>"; };
/* End PBXFileReference section */

/* Begin PBXFrameworksBuildPhase section */
		EADF103828BF02DD001FD3D5 /* Frameworks */ = {
			isa = PBXFrameworksBuildPhase;
			buildActionMask = 2147483647;
			files = (
			);
			runOnlyForDeploymentPostprocessing = 0;
		};
/* End PBXFrameworksBuildPhase section */

/* Begin PBXGroup section */
		EA892E2C28C82B6300D565AC /* Todo 1 */ = {
			isa = PBXGroup;
			children = (
				EA95A7C628C58DEE00E8BC97 /* Model */,
				EADF104C28BF0395001FD3D5 /* View */,
				EA95A7C428C58A0900E8BC97 /* ContentView.swift */,
			);
			path = "Todo 1";
			sourceTree = "<group>";
		};
		EA892E2D28C82B7B00D565AC /* Todo 2 */ = {
			isa = PBXGroup;
			children = (
				EA892E2E28C82C0800D565AC /* View */,
			);
			path = "Todo 2";
			sourceTree = "<group>";
		};
		EA892E2E28C82C0800D565AC /* View */ = {
			isa = PBXGroup;
			children = (
				EA892E2F28C82C3A00D565AC /* ContentView2.swift */,
				EA892E3128C8549700D565AC /* EditView2.swift */,
			);
			path = View;
			sourceTree = "<group>";
		};
		EA95A7C628C58DEE00E8BC97 /* Model */ = {
			isa = PBXGroup;
			children = (
				EA95A7C728C58E0C00E8BC97 /* Note.swift */,
			);
			path = Model;
			sourceTree = "<group>";
		};
		EADF103228BF02DD001FD3D5 = {
			isa = PBXGroup;
			children = (
				EADF103D28BF02DD001FD3D5 /* TodoList */,
				EADF103C28BF02DD001FD3D5 /* Products */,
			);
			sourceTree = "<group>";
		};
		EADF103C28BF02DD001FD3D5 /* Products */ = {
			isa = PBXGroup;
			children = (
				EADF103B28BF02DD001FD3D5 /* TodoList.app */,
			);
			name = Products;
			sourceTree = "<group>";
		};
		EADF103D28BF02DD001FD3D5 /* TodoList */ = {
			isa = PBXGroup;
			children = (
				EA892E2D28C82B7B00D565AC /* Todo 2 */,
				EA892E2C28C82B6300D565AC /* Todo 1 */,
				EADF103E28BF02DD001FD3D5 /* TodoListApp.swift */,
				EADF104228BF02DE001FD3D5 /* Assets.xcassets */,
				EADF104428BF02DE001FD3D5 /* Preview Content */,
			);
			path = TodoList;
			sourceTree = "<group>";
		};
		EADF104428BF02DE001FD3D5 /* Preview Content */ = {
			isa = PBXGroup;
			children = (
				EADF104528BF02DE001FD3D5 /* Preview Assets.xcassets */,
			);
			path = "Preview Content";
			sourceTree = "<group>";
		};
		EADF104C28BF0395001FD3D5 /* View */ = {
			isa = PBXGroup;
			children = (
				EADF104D28BF1693001FD3D5 /* MainView.swift */,
				EA95A7C928C596F300E8BC97 /* EditView.swift */,
			);
			path = View;
			sourceTree = "<group>";
		};
/* End PBXGroup section */

/* Begin PBXNativeTarget section */
		EADF103A28BF02DD001FD3D5 /* TodoList */ = {
			isa = PBXNativeTarget;
			buildConfigurationList = EADF104928BF02DE001FD3D5 /* Build configuration list for PBXNativeTarget "TodoList" */;
			buildPhases = (
				EADF103728BF02DD001FD3D5 /* Sources */,
				EADF103828BF02DD001FD3D5 /* Frameworks */,
				EADF103928BF02DD001FD3D5 /* Resources */,
			);
			buildRules = (
			);
			dependencies = (
			);
			name = TodoList;
			productName = TodoList;
			productReference = EADF103B28BF02DD001FD3D5 /* TodoList.app */;
			productType = "com.apple.product-type.application";
		};
/* End PBXNativeTarget section */

/* Begin PBXProject section */
		EADF103328BF02DD001FD3D5 /* Project object */ = {
			isa = PBXProject;
			attributes = {
				BuildIndependentTargetsInParallel = 1;
				LastSwiftUpdateCheck = 1340;
				LastUpgradeCheck = 1340;
				TargetAttributes = {
					EADF103A28BF02DD001FD3D5 = {
						CreatedOnToolsVersion = 13.4.1;
					};
				};
			};
			buildConfigurationList = EADF103628BF02DD001FD3D5 /* Build configuration list for PBXProject "TodoList" */;
			compatibilityVersion = "Xcode 13.0";
			developmentRegion = en;
			hasScannedForEncodings = 0;
			knownRegions = (
				en,
				Base,
			);
			mainGroup = EADF103228BF02DD001FD3D5;
			productRefGroup = EADF103C28BF02DD001FD3D5 /* Products */;
			projectDirPath = "";
			projectRoot = "";
			targets = (
				EADF103A28BF02DD001FD3D5 /* TodoList */,
			);
		};
/* End PBXProject section */

/* Begin PBXResourcesBuildPhase section */
		EADF103928BF02DD001FD3D5 /* Resources */ = {
			isa = PBXResourcesBuildPhase;
			buildActionMask = 2147483647;
			files = (
				EADF104628BF02DE001FD3D5 /* Preview Assets.xcassets in Resources */,
				EADF104328BF02DE001FD3D5 /* Assets.xcassets in Resources */,
			);
			runOnlyForDeploymentPostprocessing = 0;
		};
/* End PBXResourcesBuildPhase section */

/* Begin PBXSourcesBuildPhase section */
		EADF103728BF02DD001FD3D5 /* Sources */ = {
			isa = PBXSourcesBuildPhase;
			buildActionMask = 2147483647;
			files = (
				EADF104E28BF1693001FD3D5 /* MainView.swift in Sources */,
				EA95A7CA28C596F300E8BC97 /* EditView.swift in Sources */,
				EADF103F28BF02DD001FD3D5 /* TodoListApp.swift in Sources */,
				EA892E3028C82C3A00D565AC /* ContentView2.swift in Sources */,
				EA892E3228C8549700D565AC /* EditView2.swift in Sources */,
				EA95A7C528C58A0900E8BC97 /* ContentView.swift in Sources */,
				EA95A7C828C58E0C00E8BC97 /* Note.swift in Sources */,
			);
			runOnlyForDeploymentPostprocessing = 0;
		};
/* End PBXSourcesBuildPhase section */

/* Begin XCBuildConfiguration section */
		EADF104728BF02DE001FD3D5 /* Debug */ = {
			isa = XCBuildConfiguration;
			buildSettings = {
				ALWAYS_SEARCH_USER_PATHS = NO;
				CLANG_ANALYZER_NONNULL = YES;
				CLANG_ANALYZER_NUMBER_OBJECT_CONVERSION = YES_AGGRESSIVE;
				CLANG_CXX_LANGUAGE_STANDARD = "gnu++17";
				CLANG_ENABLE_MODULES = YES;
				CLANG_ENABLE_OBJC_ARC = YES;
				CLANG_ENABLE_OBJC_WEAK = YES;
				CLANG_WARN_BLOCK_CAPTURE_AUTORELEASING = YES;
				CLANG_WARN_BOOL_CONVERSION = YES;
				CLANG_WARN_COMMA = YES;
				CLANG_WARN_CONSTANT_CONVERSION = YES;
				CLANG_WARN_DEPRECATED_OBJC_IMPLEMENTATIONS = YES;
				CLANG_WARN_DIRECT_OBJC_ISA_USAGE = YES_ERROR;
				CLANG_WARN_DOCUMENTATION_COMMENTS = YES;
				CLANG_WARN_EMPTY_BODY = YES;
				CLANG_WARN_ENUM_CONVERSION = YES;
				CLANG_WARN_INFINITE_RECURSION = YES;
				CLANG_WARN_INT_CONVERSION = YES;
				CLANG_WARN_NON_LITERAL_NULL_CONVERSION = YES;
				CLANG_WARN_OBJC_IMPLICIT_RETAIN_SELF = YES;
				CLANG_WARN_OBJC_LITERAL_CONVERSION = YES;
				CLANG_WARN_OBJC_ROOT_CLASS = YES_ERROR;
				CLANG_WARN_QUOTED_INCLUDE_IN_FRAMEWORK_HEADER = YES;
				CLANG_WARN_RANGE_LOOP_ANALYSIS = YES;
				CLANG_WARN_STRICT_PROTOTYPES = YES;
				CLANG_WARN_SUSPICIOUS_MOVE = YES;
				CLANG_WARN_UNGUARDED_AVAILABILITY = YES_AGGRESSIVE;
				CLANG_WARN_UNREACHABLE_CODE = YES;
				CLANG_WARN__DUPLICATE_METHOD_MATCH = YES;
				COPY_PHASE_STRIP = NO;
				DEBUG_INFORMATION_FORMAT = dwarf;
				ENABLE_STRICT_OBJC_MSGSEND = YES;
				ENABLE_TESTABILITY = YES;
				GCC_C_LANGUAGE_STANDARD = gnu11;
				GCC_DYNAMIC_NO_PIC = NO;
				GCC_NO_COMMON_BLOCKS = YES;
				GCC_OPTIMIZATION_LEVEL = 0;
				GCC_PREPROCESSOR_DEFINITIONS = (
					"DEBUG=1",
					"$(inherited)",
				);
				GCC_WARN_64_TO_32_BIT_CONVERSION = YES;
				GCC_WARN_ABOUT_RETURN_TYPE = YES_ERROR;
				GCC_WARN_UNDECLARED_SELECTOR = YES;
				GCC_WARN_UNINITIALIZED_AUTOS = YES_AGGRESSIVE;
				GCC_WARN_UNUSED_FUNCTION = YES;
				GCC_WARN_UNUSED_VARIABLE = YES;
				IPHONEOS_DEPLOYMENT_TARGET = 15.5;
				MTL_ENABLE_DEBUG_INFO = INCLUDE_SOURCE;
				MTL_FAST_MATH = YES;
				ONLY_ACTIVE_ARCH = YES;
				SDKROOT = iphoneos;
				SWIFT_ACTIVE_COMPILATION_CONDITIONS = DEBUG;
				SWIFT_OPTIMIZATION_LEVEL = "-Onone";
			};
			name = Debug;
		};
		EADF104828BF02DE001FD3D5 /* Release */ = {
			isa = XCBuildConfiguration;
			buildSettings = {
				ALWAYS_SEARCH_USER_PATHS = NO;
				CLANG_ANALYZER_NONNULL = YES;
				CLANG_ANALYZER_NUMBER_OBJECT_CONVERSION = YES_AGGRESSIVE;
				CLANG_CXX_LANGUAGE_STANDARD = "gnu++17";
				CLANG_ENABLE_MODULES = YES;
				CLANG_ENABLE_OBJC_ARC = YES;
				CLANG_ENABLE_OBJC_WEAK = YES;
				CLANG_WARN_BLOCK_CAPTURE_AUTORELEASING = YES;
				CLANG_WARN_BOOL_CONVERSION = YES;
				CLANG_WARN_COMMA = YES;
				CLANG_WARN_CONSTANT_CONVERSION = YES;
				CLANG_WARN_DEPRECATED_OBJC_IMPLEMENTATIONS = YES;
				CLANG_WARN_DIRECT_OBJC_ISA_USAGE = YES_ERROR;
				CLANG_WARN_DOCUMENTATION_COMMENTS = YES;
				CLANG_WARN_EMPTY_BODY = YES;
				CLANG_WARN_ENUM_CONVERSION = YES;
				CLANG_WARN_INFINITE_RECURSION = YES;
				CLANG_WARN_INT_CONVERSION = YES;
				CLANG_WARN_NON_LITERAL_NULL_CONVERSION = YES;
				CLANG_WARN_OBJC_IMPLICIT_RETAIN_SELF = YES;
				CLANG_WARN_OBJC_LITERAL_CONVERSION = YES;
				CLANG_WARN_OBJC_ROOT_CLASS = YES_ERROR;
				CLANG_WARN_QUOTED_INCLUDE_IN_FRAMEWORK_HEADER = YES;
				CLANG_WARN_RANGE_LOOP_ANALYSIS = YES;
				CLANG_WARN_STRICT_PROTOTYPES = YES;
				CLANG_WARN_SUSPICIOUS_MOVE = YES;
				CLANG_WARN_UNGUARDED_AVAILABILITY = YES_AGGRESSIVE;
				CLANG_WARN_UNREACHABLE_CODE = YES;
				CLANG_WARN__DUPLICATE_METHOD_MATCH = YES;
				COPY_PHASE_STRIP = NO;
				DEBUG_INFORMATION_FORMAT = "dwarf-with-dsym";
				ENABLE_NS_ASSERTIONS = NO;
				ENABLE_STRICT_OBJC_MSGSEND = YES;
				GCC_C_LANGUAGE_STANDARD = gnu11;
				GCC_NO_COMMON_BLOCKS = YES;
				GCC_WARN_64_TO_32_BIT_CONVERSION = YES;
				GCC_WARN_ABOUT_RETURN_TYPE = YES_ERROR;
				GCC_WARN_UNDECLARED_SELECTOR = YES;
				GCC_WARN_UNINITIALIZED_AUTOS = YES_AGGRESSIVE;
				GCC_WARN_UNUSED_FUNCTION = YES;
				GCC_WARN_UNUSED_VARIABLE = YES;
				IPHONEOS_DEPLOYMENT_TARGET = 15.5;
				MTL_ENABLE_DEBUG_INFO = NO;
				MTL_FAST_MATH = YES;
				SDKROOT = iphoneos;
				SWIFT_COMPILATION_MODE = wholemodule;
				SWIFT_OPTIMIZATION_LEVEL = "-O";
				VALIDATE_PRODUCT = YES;
			};
			name = Release;
		};
		EADF104A28BF02DE001FD3D5 /* Debug */ = {
			isa = XCBuildConfiguration;
			buildSettings = {
				ASSETCATALOG_COMPILER_APPICON_NAME = AppIcon;
				ASSETCATALOG_COMPILER_GLOBAL_ACCENT_COLOR_NAME = AccentColor;
				CODE_SIGN_STYLE = Automatic;
				CURRENT_PROJECT_VERSION = 1;
				DEVELOPMENT_ASSET_PATHS = "\"TodoList/Preview Content\"";
				ENABLE_PREVIEWS = YES;
				GENERATE_INFOPLIST_FILE = YES;
				INFOPLIST_KEY_UIApplicationSceneManifest_Generation = YES;
				INFOPLIST_KEY_UIApplicationSupportsIndirectInputEvents = YES;
				INFOPLIST_KEY_UILaunchScreen_Generation = YES;
				INFOPLIST_KEY_UISupportedInterfaceOrientations_iPad = "UIInterfaceOrientationPortrait UIInterfaceOrientationPortraitUpsideDown UIInterfaceOrientationLandscapeLeft UIInterfaceOrientationLandscapeRight";
				INFOPLIST_KEY_UISupportedInterfaceOrientations_iPhone = "UIInterfaceOrientationPortrait UIInterfaceOrientationLandscapeLeft UIInterfaceOrientationLandscapeRight";
				LD_RUNPATH_SEARCH_PATHS = (
					"$(inherited)",
					"@executable_path/Frameworks",
				);
				MARKETING_VERSION = 1.0;
				PRODUCT_BUNDLE_IDENTIFIER = io.hung.TodoList;
				PRODUCT_NAME = "$(TARGET_NAME)";
				SWIFT_EMIT_LOC_STRINGS = YES;
				SWIFT_VERSION = 5.0;
				TARGETED_DEVICE_FAMILY = "1,2";
			};
			name = Debug;
		};
		EADF104B28BF02DE001FD3D5 /* Release */ = {
			isa = XCBuildConfiguration;
			buildSettings = {
				ASSETCATALOG_COMPILER_APPICON_NAME = AppIcon;
				ASSETCATALOG_COMPILER_GLOBAL_ACCENT_COLOR_NAME = AccentColor;
				CODE_SIGN_STYLE = Automatic;
				CURRENT_PROJECT_VERSION = 1;
				DEVELOPMENT_ASSET_PATHS = "\"TodoList/Preview Content\"";
				ENABLE_PREVIEWS = YES;
				GENERATE_INFOPLIST_FILE = YES;
				INFOPLIST_KEY_UIApplicationSceneManifest_Generation = YES;
				INFOPLIST_KEY_UIApplicationSupportsIndirectInputEvents = YES;
				INFOPLIST_KEY_UILaunchScreen_Generation = YES;
				INFOPLIST_KEY_UISupportedInterfaceOrientations_iPad = "UIInterfaceOrientationPortrait UIInterfaceOrientationPortraitUpsideDown UIInterfaceOrientationLandscapeLeft UIInterfaceOrientationLandscapeRight";
				INFOPLIST_KEY_UISupportedInterfaceOrientations_iPhone = "UIInterfaceOrientationPortrait UIInterfaceOrientationLandscapeLeft UIInterfaceOrientationLandscapeRight";
				LD_RUNPATH_SEARCH_PATHS = (
					"$(inherited)",
					"@executable_path/Frameworks",
				);
				MARKETING_VERSION = 1.0;
				PRODUCT_BUNDLE_IDENTIFIER = io.hung.TodoList;
				PRODUCT_NAME = "$(TARGET_NAME)";
				SWIFT_EMIT_LOC_STRINGS = YES;
				SWIFT_VERSION = 5.0;
				TARGETED_DEVICE_FAMILY = "1,2";
			};
			name = Release;
		};
/* End XCBuildConfiguration section */

/* Begin XCConfigurationList section */
		EADF103628BF02DD001FD3D5 /* Build configuration list for PBXProject "TodoList" */ = {
			isa = XCConfigurationList;
			buildConfigurations = (
				EADF104728BF02DE001FD3D5 /* Debug */,
				EADF104828BF02DE001FD3D5 /* Release */,
			);
			defaultConfigurationIsVisible = 0;
			defaultConfigurationName = Release;
		};
		EADF104928BF02DE001FD3D5 /* Build configuration list for PBXNativeTarget "TodoList" */ = {
			isa = XCConfigurationList;
			buildConfigurations = (
				EADF104A28BF02DE001FD3D5 /* Debug */,
				EADF104B28BF02DE001FD3D5 /* Release */,
			);
			defaultConfigurationIsVisible = 0;
			defaultConfigurationName = Release;
		};
/* End XCConfigurationList section */
	};
	rootObject = EADF103328BF02DD001FD3D5 /* Project object */;
}
